
Microsoft Visual Studio Solution File, Format Version 12.00
# Visual Studio Version 16
VisualStudioVersion = 16.0.31702.278
MinimumVisualStudioVersion = 10.0.40219.1
Project("{FAE04EC0-301F-11D3-BF4B-00C04F79EFBC}") = "z1", "dz8\z1.csproj", "{9751C9A2-8129-43A3-90E6-363116505509}"
EndProject
Global
	GlobalSection(SolutionConfigurationPlatforms) = preSolution
		Debug|Any CPU = Debug|Any CPU
		Release|Any CPU = Release|Any CPU
	EndGlobalSection
	GlobalSection(ProjectConfigurationPlatforms) = postSolution
		{9751C9A2-8129-43A3-90E6-363116505509}.Debug|Any CPU.ActiveCfg = Debug|Any CPU
		{9751C9A2-8129-43A3-90E6-363116505509}.Debug|Any CPU.Build.0 = Debug|Any CPU
		{9751C9A2-8129-43A3-90E6-363116505509}.Release|Any CPU.ActiveCfg = Release|Any CPU
		{9751C9A2-8129-43A3-90E6-363116505509}.Release|Any CPU.Build.0 = Release|Any CPU
	EndGlobalSection
	GlobalSection(SolutionProperties) = preSolution
		HideSolutionNode = FALSE
	EndGlobalSection
	GlobalSection(ExtensibilityGlobals) = postSolution
		SolutionGuid = {FFBC72DF-670E-43F8-9824-AF30B4596E9A}
	EndGlobalSection
EndGlobal
